
Microsoft Visual Studio Solution File, Format Version 12.00
# Visual Studio Version 17
VisualStudioVersion = 17.4.33213.308
MinimumVisualStudioVersion = 10.0.40219.1
Project("{FAE04EC0-301F-11D3-BF4B-00C04F79EFBC}") = "14022023home", "14022023home\14022023home.csproj", "{5F173624-B57F-4E16-AB16-90A01C7F411F}"
EndProject
Global
	GlobalSection(SolutionConfigurationPlatforms) = preSolution
		Debug|Any CPU = Debug|Any CPU
		Release|Any CPU = Release|Any CPU
	EndGlobalSection
	GlobalSection(ProjectConfigurationPlatforms) = postSolution
		{5F173624-B57F-4E16-AB16-90A01C7F411F}.Debug|Any CPU.ActiveCfg = Debug|Any CPU
		{5F173624-B57F-4E16-AB16-90A01C7F411F}.Debug|Any CPU.Build.0 = Debug|Any CPU
		{5F173624-B57F-4E16-AB16-90A01C7F411F}.Release|Any CPU.ActiveCfg = Release|Any CPU
		{5F173624-B57F-4E16-AB16-90A01C7F411F}.Release|Any CPU.Build.0 = Release|Any CPU
	EndGlobalSection
	GlobalSection(SolutionProperties) = preSolution
		HideSolutionNode = FALSE
	EndGlobalSection
	GlobalSection(ExtensibilityGlobals) = postSolution
		SolutionGuid = {E776FE18-A06B-4153-B008-E2269FB5C0DE}
	EndGlobalSection
EndGlobal
